// !$*UTF8*$!
{
	archiveVersion = 1;
	classes = {
	};
	objectVersion = 48;
	objects = {

/* Begin PBXBuildFile section */
		5B8F56357636D6B0BBC2A2E1 /* libPods-LMKeyValueStoreDemo.a in Frameworks */ = {isa = PBXBuildFile; fileRef = DC062827F6DD440124348381 /* libPods-LMKeyValueStoreDemo.a */; };
		AE6B438E205A0B4D0036C9AB /* LMKeyValueDemoTabVC.m in Sources */ = {isa = PBXBuildFile; fileRef = AE6B438D205A0B4D0036C9AB /* LMKeyValueDemoTabVC.m */; };
		AE6B4391205A0B8F0036C9AB /* LMKeyValueDemoTabVCModel.m in Sources */ = {isa = PBXBuildFile; fileRef = AE6B4390205A0B8F0036C9AB /* LMKeyValueDemoTabVCModel.m */; };
		AE6B4394205A0FFA0036C9AB /* LMRequest.m in Sources */ = {isa = PBXBuildFile; fileRef = AE6B4393205A0FFA0036C9AB /* LMRequest.m */; };
		AE94BA8620591DBC007DBEB2 /* AppDelegate.m in Sources */ = {isa = PBXBuildFile; fileRef = AE94BA8520591DBC007DBEB2 /* AppDelegate.m */; };
		AE94BA8920591DBC007DBEB2 /* ViewController.m in Sources */ = {isa = PBXBuildFile; fileRef = AE94BA8820591DBC007DBEB2 /* ViewController.m */; };
		AE94BA8C20591DBC007DBEB2 /* Main.storyboard in Resources */ = {isa = PBXBuildFile; fileRef = AE94BA8A20591DBC007DBEB2 /* Main.storyboard */; };
		AE94BA8E20591DBC007DBEB2 /* Assets.xcassets in Resources */ = {isa = PBXBuildFile; fileRef = AE94BA8D20591DBC007DBEB2 /* Assets.xcassets */; };
		AE94BA9120591DBC007DBEB2 /* LaunchScreen.storyboard in Resources */ = {isa = PBXBuildFile; fileRef = AE94BA8F20591DBC007DBEB2 /* LaunchScreen.storyboard */; };
		AE94BA9420591DBC007DBEB2 /* main.m in Sources */ = {isa = PBXBuildFile; fileRef = AE94BA9320591DBC007DBEB2 /* main.m */; };
		AE94BA9D2059293B007DBEB2 /* LMWCDBOperation.mm in Sources */ = {isa = PBXBuildFile; fileRef = AE94BA9B2059293A007DBEB2 /* LMWCDBOperation.mm */; };
		AE94BAA220595C7E007DBEB2 /* LMKeyValueItem.mm in Sources */ = {isa = PBXBuildFile; fileRef = AE94BA9F20595C7D007DBEB2 /* LMKeyValueItem.mm */; };
		AE94BAA520595CEC007DBEB2 /* LMKeyValueStore.mm in Sources */ = {isa = PBXBuildFile; fileRef = AE94BAA420595CEC007DBEB2 /* LMKeyValueStore.mm */; };
/* End PBXBuildFile section */

/* Begin PBXContainerItemProxy section */
		AE6B439E205A588B0036C9AB /* PBXContainerItemProxy */ = {
			isa = PBXContainerItemProxy;
			containerPortal = AE94BA7920591DBC007DBEB2 /* Project object */;
			proxyType = 1;
			remoteGlobalIDString = AE94BA8020591DBC007DBEB2;
			remoteInfo = LMKeyValueStoreDemo;
		};
		AE6B43C4205AB6C30036C9AB /* PBXContainerItemProxy */ = {
			isa = PBXContainerItemProxy;
			containerPortal = AE94BA7920591DBC007DBEB2 /* Project object */;
			proxyType = 1;
			remoteGlobalIDString = AE94BA8020591DBC007DBEB2;
			remoteInfo = LMKeyValueStoreDemo;
		};
/* End PBXContainerItemProxy section */

/* Begin PBXFileReference section */
		25F094AB14219297FC491EBB /* Pods-LMKeyValueStoreDemo.release.xcconfig */ = {isa = PBXFileReference; includeInIndex = 1; lastKnownFileType = text.xcconfig; name = "Pods-LMKeyValueStoreDemo.release.xcconfig"; path = "Pods/Target Support Files/Pods-LMKeyValueStoreDemo/Pods-LMKeyValueStoreDemo.release.xcconfig"; sourceTree = "<group>"; };
		2CE7D6252AD6F7ADF7C1D8B6 /* Pods-LMKeyValueStoreDemo.debug.xcconfig */ = {isa = PBXFileReference; includeInIndex = 1; lastKnownFileType = text.xcconfig; name = "Pods-LMKeyValueStoreDemo.debug.xcconfig"; path = "Pods/Target Support Files/Pods-LMKeyValueStoreDemo/Pods-LMKeyValueStoreDemo.debug.xcconfig"; sourceTree = "<group>"; };
		AE6B438C205A0B4D0036C9AB /* LMKeyValueDemoTabVC.h */ = {isa = PBXFileReference; lastKnownFileType = sourcecode.c.h; path = LMKeyValueDemoTabVC.h; sourceTree = "<group>"; };
		AE6B438D205A0B4D0036C9AB /* LMKeyValueDemoTabVC.m */ = {isa = PBXFileReference; lastKnownFileType = sourcecode.c.objc; path = LMKeyValueDemoTabVC.m; sourceTree = "<group>"; };
		AE6B438F205A0B8F0036C9AB /* LMKeyValueDemoTabVCModel.h */ = {isa = PBXFileReference; lastKnownFileType = sourcecode.c.h; path = LMKeyValueDemoTabVCModel.h; sourceTree = "<group>"; };
		AE6B4390205A0B8F0036C9AB /* LMKeyValueDemoTabVCModel.m */ = {isa = PBXFileReference; lastKnownFileType = sourcecode.c.objc; path = LMKeyValueDemoTabVCModel.m; sourceTree = "<group>"; };
		AE6B4392205A0FFA0036C9AB /* LMRequest.h */ = {isa = PBXFileReference; lastKnownFileType = sourcecode.c.h; path = LMRequest.h; sourceTree = "<group>"; };
		AE6B4393205A0FFA0036C9AB /* LMRequest.m */ = {isa = PBXFileReference; lastKnownFileType = sourcecode.c.objc; path = LMRequest.m; sourceTree = "<group>"; };
		AE6B4399205A588B0036C9AB /* LMKeyValueStoreDemoUITests.xctest */ = {isa = PBXFileReference; explicitFileType = wrapper.cfbundle; includeInIndex = 0; path = LMKeyValueStoreDemoUITests.xctest; sourceTree = BUILT_PRODUCTS_DIR; };
		AE6B43BF205AB6C30036C9AB /* LMKeyValueStoreDemoTests.xctest */ = {isa = PBXFileReference; explicitFileType = wrapper.cfbundle; includeInIndex = 0; path = LMKeyValueStoreDemoTests.xctest; sourceTree = BUILT_PRODUCTS_DIR; };
		AE94BA8120591DBC007DBEB2 /* LMKeyValueStoreDemo.app */ = {isa = PBXFileReference; explicitFileType = wrapper.application; includeInIndex = 0; path = LMKeyValueStoreDemo.app; sourceTree = BUILT_PRODUCTS_DIR; };
		AE94BA8420591DBC007DBEB2 /* AppDelegate.h */ = {isa = PBXFileReference; lastKnownFileType = sourcecode.c.h; path = AppDelegate.h; sourceTree = "<group>"; };
		AE94BA8520591DBC007DBEB2 /* AppDelegate.m */ = {isa = PBXFileReference; lastKnownFileType = sourcecode.c.objc; path = AppDelegate.m; sourceTree = "<group>"; };
		AE94BA8720591DBC007DBEB2 /* ViewController.h */ = {isa = PBXFileReference; lastKnownFileType = sourcecode.c.h; path = ViewController.h; sourceTree = "<group>"; };
		AE94BA8820591DBC007DBEB2 /* ViewController.m */ = {isa = PBXFileReference; lastKnownFileType = sourcecode.c.objc; path = ViewController.m; sourceTree = "<group>"; };
		AE94BA8B20591DBC007DBEB2 /* Base */ = {isa = PBXFileReference; lastKnownFileType = file.storyboard; name = Base; path = Base.lproj/Main.storyboard; sourceTree = "<group>"; };
		AE94BA8D20591DBC007DBEB2 /* Assets.xcassets */ = {isa = PBXFileReference; lastKnownFileType = folder.assetcatalog; path = Assets.xcassets; sourceTree = "<group>"; };
		AE94BA9020591DBC007DBEB2 /* Base */ = {isa = PBXFileReference; lastKnownFileType = file.storyboard; name = Base; path = Base.lproj/LaunchScreen.storyboard; sourceTree = "<group>"; };
		AE94BA9220591DBC007DBEB2 /* Info.plist */ = {isa = PBXFileReference; lastKnownFileType = text.plist.xml; path = Info.plist; sourceTree = "<group>"; };
		AE94BA9320591DBC007DBEB2 /* main.m */ = {isa = PBXFileReference; lastKnownFileType = sourcecode.c.objc; path = main.m; sourceTree = "<group>"; };
		AE94BA9B2059293A007DBEB2 /* LMWCDBOperation.mm */ = {isa = PBXFileReference; fileEncoding = 4; lastKnownFileType = sourcecode.cpp.objcpp; path = LMWCDBOperation.mm; sourceTree = "<group>"; };
		AE94BA9C2059293B007DBEB2 /* LMWCDBOperation.h */ = {isa = PBXFileReference; fileEncoding = 4; lastKnownFileType = sourcecode.c.h; path = LMWCDBOperation.h; sourceTree = "<group>"; };
		AE94BA9E20592BF0007DBEB2 /* LMLog.h */ = {isa = PBXFileReference; lastKnownFileType = sourcecode.c.h; path = LMLog.h; sourceTree = "<group>"; };
		AE94BA9F20595C7D007DBEB2 /* LMKeyValueItem.mm */ = {isa = PBXFileReference; fileEncoding = 4; lastKnownFileType = sourcecode.cpp.objcpp; path = LMKeyValueItem.mm; sourceTree = "<group>"; };
		AE94BAA020595C7D007DBEB2 /* LMKeyValueItem+WCTTableCoding.h */ = {isa = PBXFileReference; fileEncoding = 4; lastKnownFileType = sourcecode.c.h; path = "LMKeyValueItem+WCTTableCoding.h"; sourceTree = "<group>"; };
		AE94BAA120595C7E007DBEB2 /* LMKeyValueItem.h */ = {isa = PBXFileReference; fileEncoding = 4; lastKnownFileType = sourcecode.c.h; path = LMKeyValueItem.h; sourceTree = "<group>"; };
		AE94BAA320595CEC007DBEB2 /* LMKeyValueStore.h */ = {isa = PBXFileReference; lastKnownFileType = sourcecode.c.h; path = LMKeyValueStore.h; sourceTree = "<group>"; };
		AE94BAA420595CEC007DBEB2 /* LMKeyValueStore.mm */ = {isa = PBXFileReference; lastKnownFileType = sourcecode.cpp.objcpp; path = LMKeyValueStore.mm; sourceTree = "<group>"; };
		DC062827F6DD440124348381 /* libPods-LMKeyValueStoreDemo.a */ = {isa = PBXFileReference; explicitFileType = archive.ar; includeInIndex = 0; path = "libPods-LMKeyValueStoreDemo.a"; sourceTree = BUILT_PRODUCTS_DIR; };
/* End PBXFileReference section */

/* Begin PBXFrameworksBuildPhase section */
		AE6B4396205A588B0036C9AB /* Frameworks */ = {
			isa = PBXFrameworksBuildPhase;
			buildActionMask = 2147483647;
			files = (
			);
			runOnlyForDeploymentPostprocessing = 0;
		};
		AE6B43BC205AB6C30036C9AB /* Frameworks */ = {
			isa = PBXFrameworksBuildPhase;
			buildActionMask = 2147483647;
			files = (
			);
			runOnlyForDeploymentPostprocessing = 0;
		};
		AE94BA7E20591DBC007DBEB2 /* Frameworks */ = {
			isa = PBXFrameworksBuildPhase;
			buildActionMask = 2147483647;
			files = (
				5B8F56357636D6B0BBC2A2E1 /* libPods-LMKeyValueStoreDemo.a in Frameworks */,
			);
			runOnlyForDeploymentPostprocessing = 0;
		};
/* End PBXFrameworksBuildPhase section */

/* Begin PBXGroup section */
		4902BDCEFB80A327CF43ECCB /* Pods */ = {
			isa = PBXGroup;
			children = (
				2CE7D6252AD6F7ADF7C1D8B6 /* Pods-LMKeyValueStoreDemo.debug.xcconfig */,
				25F094AB14219297FC491EBB /* Pods-LMKeyValueStoreDemo.release.xcconfig */,
			);
			name = Pods;
			sourceTree = "<group>";
		};
		AE94BA7820591DBC007DBEB2 = {
			isa = PBXGroup;
			children = (
				AE94BA8320591DBC007DBEB2 /* LMKeyValueStoreDemo */,
				AE94BA8220591DBC007DBEB2 /* Products */,
				4902BDCEFB80A327CF43ECCB /* Pods */,
				EBB4BC887B4E0BBAC619584C /* Frameworks */,
			);
			sourceTree = "<group>";
		};
		AE94BA8220591DBC007DBEB2 /* Products */ = {
			isa = PBXGroup;
			children = (
				AE94BA8120591DBC007DBEB2 /* LMKeyValueStoreDemo.app */,
				AE6B4399205A588B0036C9AB /* LMKeyValueStoreDemoUITests.xctest */,
				AE6B43BF205AB6C30036C9AB /* LMKeyValueStoreDemoTests.xctest */,
			);
			name = Products;
			sourceTree = "<group>";
		};
		AE94BA8320591DBC007DBEB2 /* LMKeyValueStoreDemo */ = {
			isa = PBXGroup;
			children = (
				AE94BAA620597930007DBEB2 /* LMKeyValueDemo */,
				AE94BA9A20591DE5007DBEB2 /* LMKeyValueStore */,
				AE94BA8420591DBC007DBEB2 /* AppDelegate.h */,
				AE94BA8520591DBC007DBEB2 /* AppDelegate.m */,
				AE94BA8720591DBC007DBEB2 /* ViewController.h */,
				AE94BA8820591DBC007DBEB2 /* ViewController.m */,
				AE94BA8A20591DBC007DBEB2 /* Main.storyboard */,
				AE94BA8D20591DBC007DBEB2 /* Assets.xcassets */,
				AE94BA8F20591DBC007DBEB2 /* LaunchScreen.storyboard */,
				AE94BA9220591DBC007DBEB2 /* Info.plist */,
				AE94BA9320591DBC007DBEB2 /* main.m */,
			);
			path = LMKeyValueStoreDemo;
			sourceTree = "<group>";
		};
		AE94BA9A20591DE5007DBEB2 /* LMKeyValueStore */ = {
			isa = PBXGroup;
			children = (
				AE94BA9C2059293B007DBEB2 /* LMWCDBOperation.h */,
				AE94BA9B2059293A007DBEB2 /* LMWCDBOperation.mm */,
				AE94BAA120595C7E007DBEB2 /* LMKeyValueItem.h */,
				AE94BA9F20595C7D007DBEB2 /* LMKeyValueItem.mm */,
				AE94BAA020595C7D007DBEB2 /* LMKeyValueItem+WCTTableCoding.h */,
				AE94BA9E20592BF0007DBEB2 /* LMLog.h */,
				AE94BAA320595CEC007DBEB2 /* LMKeyValueStore.h */,
				AE94BAA420595CEC007DBEB2 /* LMKeyValueStore.mm */,
			);
			path = LMKeyValueStore;
			sourceTree = "<group>";
		};
		AE94BAA620597930007DBEB2 /* LMKeyValueDemo */ = {
			isa = PBXGroup;
			children = (
				AE6B438C205A0B4D0036C9AB /* LMKeyValueDemoTabVC.h */,
				AE6B438D205A0B4D0036C9AB /* LMKeyValueDemoTabVC.m */,
				AE6B438F205A0B8F0036C9AB /* LMKeyValueDemoTabVCModel.h */,
				AE6B4390205A0B8F0036C9AB /* LMKeyValueDemoTabVCModel.m */,
				AE6B4392205A0FFA0036C9AB /* LMRequest.h */,
				AE6B4393205A0FFA0036C9AB /* LMRequest.m */,
			);
			path = LMKeyValueDemo;
			sourceTree = "<group>";
		};
		EBB4BC887B4E0BBAC619584C /* Frameworks */ = {
			isa = PBXGroup;
			children = (
				DC062827F6DD440124348381 /* libPods-LMKeyValueStoreDemo.a */,
			);
			name = Frameworks;
			sourceTree = "<group>";
		};
/* End PBXGroup section */

/* Begin PBXNativeTarget section */
		AE6B4398205A588B0036C9AB /* LMKeyValueStoreDemoUITests */ = {
			isa = PBXNativeTarget;
			buildConfigurationList = AE6B43A2205A588B0036C9AB /* Build configuration list for PBXNativeTarget "LMKeyValueStoreDemoUITests" */;
			buildPhases = (
				AE6B4395205A588B0036C9AB /* Sources */,
				AE6B4396205A588B0036C9AB /* Frameworks */,
				AE6B4397205A588B0036C9AB /* Resources */,
			);
			buildRules = (
			);
			dependencies = (
				AE6B439F205A588B0036C9AB /* PBXTargetDependency */,
			);
			name = LMKeyValueStoreDemoUITests;
			productName = LMKeyValueStoreDemoUITests;
			productReference = AE6B4399205A588B0036C9AB /* LMKeyValueStoreDemoUITests.xctest */;
			productType = "com.apple.product-type.bundle.ui-testing";
		};
		AE6B43BE205AB6C30036C9AB /* LMKeyValueStoreDemoTests */ = {
			isa = PBXNativeTarget;
			buildConfigurationList = AE6B43C8205AB6C30036C9AB /* Build configuration list for PBXNativeTarget "LMKeyValueStoreDemoTests" */;
			buildPhases = (
				AE6B43BB205AB6C30036C9AB /* Sources */,
				AE6B43BC205AB6C30036C9AB /* Frameworks */,
				AE6B43BD205AB6C30036C9AB /* Resources */,
			);
			buildRules = (
			);
			dependencies = (
				AE6B43C5205AB6C30036C9AB /* PBXTargetDependency */,
			);
			name = LMKeyValueStoreDemoTests;
			productName = LMKeyValueStoreDemoTests;
			productReference = AE6B43BF205AB6C30036C9AB /* LMKeyValueStoreDemoTests.xctest */;
			productType = "com.apple.product-type.bundle.unit-test";
		};
		AE94BA8020591DBC007DBEB2 /* LMKeyValueStoreDemo */ = {
			isa = PBXNativeTarget;
			buildConfigurationList = AE94BA9720591DBC007DBEB2 /* Build configuration list for PBXNativeTarget "LMKeyValueStoreDemo" */;
			buildPhases = (
				6A8FEC0E8D483DCDFADA617F /* [CP] Check Pods Manifest.lock */,
				AE94BA7D20591DBC007DBEB2 /* Sources */,
				AE94BA7E20591DBC007DBEB2 /* Frameworks */,
				AE94BA7F20591DBC007DBEB2 /* Resources */,
				29722071067CA4FF2B4FF745 /* [CP] Embed Pods Frameworks */,
				F35BC8054F8599052C2B0B5E /* [CP] Copy Pods Resources */,
			);
			buildRules = (
			);
			dependencies = (
			);
			name = LMKeyValueStoreDemo;
			productName = LMKeyValueStoreDemo;
			productReference = AE94BA8120591DBC007DBEB2 /* LMKeyValueStoreDemo.app */;
			productType = "com.apple.product-type.application";
		};
/* End PBXNativeTarget section */

/* Begin PBXProject section */
		AE94BA7920591DBC007DBEB2 /* Project object */ = {
			isa = PBXProject;
			attributes = {
				LastUpgradeCheck = 0920;
				ORGANIZATIONNAME = zhuo;
				TargetAttributes = {
					AE6B4398205A588B0036C9AB = {
						CreatedOnToolsVersion = 9.2;
						ProvisioningStyle = Automatic;
						TestTargetID = AE94BA8020591DBC007DBEB2;
					};
					AE6B43BE205AB6C30036C9AB = {
						CreatedOnToolsVersion = 9.2;
						ProvisioningStyle = Automatic;
						TestTargetID = AE94BA8020591DBC007DBEB2;
					};
					AE94BA8020591DBC007DBEB2 = {
						CreatedOnToolsVersion = 9.2;
						ProvisioningStyle = Automatic;
					};
				};
			};
			buildConfigurationList = AE94BA7C20591DBC007DBEB2 /* Build configuration list for PBXProject "LMKeyValueStoreDemo" */;
			compatibilityVersion = "Xcode 8.0";
			developmentRegion = en;
			hasScannedForEncodings = 0;
			knownRegions = (
				en,
				Base,
			);
			mainGroup = AE94BA7820591DBC007DBEB2;
			productRefGroup = AE94BA8220591DBC007DBEB2 /* Products */;
			projectDirPath = "";
			projectRoot = "";
			targets = (
				AE94BA8020591DBC007DBEB2 /* LMKeyValueStoreDemo */,
				AE6B4398205A588B0036C9AB /* LMKeyValueStoreDemoUITests */,
				AE6B43BE205AB6C30036C9AB /* LMKeyValueStoreDemoTests */,
			);
		};
/* End PBXProject section */

/* Begin PBXResourcesBuildPhase section */
		AE6B4397205A588B0036C9AB /* Resources */ = {
			isa = PBXResourcesBuildPhase;
			buildActionMask = 2147483647;
			files = (
			);
			runOnlyForDeploymentPostprocessing = 0;
		};
		AE6B43BD205AB6C30036C9AB /* Resources */ = {
			isa = PBXResourcesBuildPhase;
			buildActionMask = 2147483647;
			files = (
			);
			runOnlyForDeploymentPostprocessing = 0;
		};
		AE94BA7F20591DBC007DBEB2 /* Resources */ = {
			isa = PBXResourcesBuildPhase;
			buildActionMask = 2147483647;
			files = (
				AE94BA9120591DBC007DBEB2 /* LaunchScreen.storyboard in Resources */,
				AE94BA8E20591DBC007DBEB2 /* Assets.xcassets in Resources */,
				AE94BA8C20591DBC007DBEB2 /* Main.storyboard in Resources */,
			);
			runOnlyForDeploymentPostprocessing = 0;
		};
/* End PBXResourcesBuildPhase section */

/* Begin PBXShellScriptBuildPhase section */
		29722071067CA4FF2B4FF745 /* [CP] Embed Pods Frameworks */ = {
			isa = PBXShellScriptBuildPhase;
			buildActionMask = 2147483647;
			files = (
			);
			inputPaths = (
			);
			name = "[CP] Embed Pods Frameworks";
			outputPaths = (
			);
			runOnlyForDeploymentPostprocessing = 0;
			shellPath = /bin/sh;
			shellScript = "\"${SRCROOT}/Pods/Target Support Files/Pods-LMKeyValueStoreDemo/Pods-LMKeyValueStoreDemo-frameworks.sh\"\n";
			showEnvVarsInLog = 0;
		};
		6A8FEC0E8D483DCDFADA617F /* [CP] Check Pods Manifest.lock */ = {
			isa = PBXShellScriptBuildPhase;
			buildActionMask = 2147483647;
			files = (
			);
			inputPaths = (
				"${PODS_PODFILE_DIR_PATH}/Podfile.lock",
				"${PODS_ROOT}/Manifest.lock",
			);
			name = "[CP] Check Pods Manifest.lock";
			outputPaths = (
				"$(DERIVED_FILE_DIR)/Pods-LMKeyValueStoreDemo-checkManifestLockResult.txt",
			);
			runOnlyForDeploymentPostprocessing = 0;
			shellPath = /bin/sh;
			shellScript = "diff \"${PODS_PODFILE_DIR_PATH}/Podfile.lock\" \"${PODS_ROOT}/Manifest.lock\" > /dev/null\nif [ $? != 0 ] ; then\n    # print error to STDERR\n    echo \"error: The sandbox is not in sync with the Podfile.lock. Run 'pod install' or update your CocoaPods installation.\" >&2\n    exit 1\nfi\n# This output is used by Xcode 'outputs' to avoid re-running this script phase.\necho \"SUCCESS\" > \"${SCRIPT_OUTPUT_FILE_0}\"\n";
			showEnvVarsInLog = 0;
		};
		F35BC8054F8599052C2B0B5E /* [CP] Copy Pods Resources */ = {
			isa = PBXShellScriptBuildPhase;
			buildActionMask = 2147483647;
			files = (
			);
			inputPaths = (
			);
			name = "[CP] Copy Pods Resources";
			outputPaths = (
			);
			runOnlyForDeploymentPostprocessing = 0;
			shellPath = /bin/sh;
			shellScript = "\"${SRCROOT}/Pods/Target Support Files/Pods-LMKeyValueStoreDemo/Pods-LMKeyValueStoreDemo-resources.sh\"\n";
			showEnvVarsInLog = 0;
		};
/* End PBXShellScriptBuildPhase section */

/* Begin PBXSourcesBuildPhase section */
		AE6B4395205A588B0036C9AB /* Sources */ = {
			isa = PBXSourcesBuildPhase;
			buildActionMask = 2147483647;
			files = (
			);
			runOnlyForDeploymentPostprocessing = 0;
		};
		AE6B43BB205AB6C30036C9AB /* Sources */ = {
			isa = PBXSourcesBuildPhase;
			buildActionMask = 2147483647;
			files = (
			);
			runOnlyForDeploymentPostprocessing = 0;
		};
		AE94BA7D20591DBC007DBEB2 /* Sources */ = {
			isa = PBXSourcesBuildPhase;
			buildActionMask = 2147483647;
			files = (
				AE6B438E205A0B4D0036C9AB /* LMKeyValueDemoTabVC.m in Sources */,
				AE94BAA520595CEC007DBEB2 /* LMKeyValueStore.mm in Sources */,
				AE6B4391205A0B8F0036C9AB /* LMKeyValueDemoTabVCModel.m in Sources */,
				AE94BA9D2059293B007DBEB2 /* LMWCDBOperation.mm in Sources */,
				AE94BA8920591DBC007DBEB2 /* ViewController.m in Sources */,
				AE94BA9420591DBC007DBEB2 /* main.m in Sources */,
				AE6B4394205A0FFA0036C9AB /* LMRequest.m in Sources */,
				AE94BAA220595C7E007DBEB2 /* LMKeyValueItem.mm in Sources */,
				AE94BA8620591DBC007DBEB2 /* AppDelegate.m in Sources */,
			);
			runOnlyForDeploymentPostprocessing = 0;
		};
/* End PBXSourcesBuildPhase section */

/* Begin PBXTargetDependency section */
		AE6B439F205A588B0036C9AB /* PBXTargetDependency */ = {
			isa = PBXTargetDependency;
			target = AE94BA8020591DBC007DBEB2 /* LMKeyValueStoreDemo */;
			targetProxy = AE6B439E205A588B0036C9AB /* PBXContainerItemProxy */;
		};
		AE6B43C5205AB6C30036C9AB /* PBXTargetDependency */ = {
			isa = PBXTargetDependency;
			target = AE94BA8020591DBC007DBEB2 /* LMKeyValueStoreDemo */;
			targetProxy = AE6B43C4205AB6C30036C9AB /* PBXContainerItemProxy */;
		};
/* End PBXTargetDependency section */

/* Begin PBXVariantGroup section */
		AE94BA8A20591DBC007DBEB2 /* Main.storyboard */ = {
			isa = PBXVariantGroup;
			children = (
				AE94BA8B20591DBC007DBEB2 /* Base */,
			);
			name = Main.storyboard;
			sourceTree = "<group>";
		};
		AE94BA8F20591DBC007DBEB2 /* LaunchScreen.storyboard */ = {
			isa = PBXVariantGroup;
			children = (
				AE94BA9020591DBC007DBEB2 /* Base */,
			);
			name = LaunchScreen.storyboard;
			sourceTree = "<group>";
		};
/* End PBXVariantGroup section */

/* Begin XCBuildConfiguration section */
		AE6B43A0205A588B0036C9AB /* Debug */ = {
			isa = XCBuildConfiguration;
			buildSettings = {
				CODE_SIGN_STYLE = Automatic;
				INFOPLIST_FILE = LMKeyValueStoreDemoUITests/Info.plist;
				LD_RUNPATH_SEARCH_PATHS = "$(inherited) @executable_path/Frameworks @loader_path/Frameworks";
				PRODUCT_BUNDLE_IDENTIFIER = com.lrts.www.LMKeyValueStoreDemoUITests;
				PRODUCT_NAME = "$(TARGET_NAME)";
				TARGETED_DEVICE_FAMILY = "1,2";
				TEST_TARGET_NAME = LMKeyValueStoreDemo;
			};
			name = Debug;
		};
		AE6B43A1205A588B0036C9AB /* Release */ = {
			isa = XCBuildConfiguration;
			buildSettings = {
				CODE_SIGN_STYLE = Automatic;
				INFOPLIST_FILE = LMKeyValueStoreDemoUITests/Info.plist;
				LD_RUNPATH_SEARCH_PATHS = "$(inherited) @executable_path/Frameworks @loader_path/Frameworks";
				PRODUCT_BUNDLE_IDENTIFIER = com.lrts.www.LMKeyValueStoreDemoUITests;
				PRODUCT_NAME = "$(TARGET_NAME)";
				TARGETED_DEVICE_FAMILY = "1,2";
				TEST_TARGET_NAME = LMKeyValueStoreDemo;
			};
			name = Release;
		};
		AE6B43C6205AB6C30036C9AB /* Debug */ = {
			isa = XCBuildConfiguration;
			buildSettings = {
				BUNDLE_LOADER = "$(TEST_HOST)";
				CODE_SIGN_STYLE = Automatic;
				INFOPLIST_FILE = LMKeyValueStoreDemoTests/Info.plist;
				LD_RUNPATH_SEARCH_PATHS = "$(inherited) @executable_path/Frameworks @loader_path/Frameworks";
				PRODUCT_BUNDLE_IDENTIFIER = com.lrts.www.LMKeyValueStoreDemoTests;
				PRODUCT_NAME = "$(TARGET_NAME)";
				TARGETED_DEVICE_FAMILY = "1,2";
				TEST_HOST = "$(BUILT_PRODUCTS_DIR)/LMKeyValueStoreDemo.app/LMKeyValueStoreDemo";
			};
			name = Debug;
		};
		AE6B43C7205AB6C30036C9AB /* Release */ = {
			isa = XCBuildConfiguration;
			buildSettings = {
				BUNDLE_LOADER = "$(TEST_HOST)";
				CODE_SIGN_STYLE = Automatic;
				INFOPLIST_FILE = LMKeyValueStoreDemoTests/Info.plist;
				LD_RUNPATH_SEARCH_PATHS = "$(inherited) @executable_path/Frameworks @loader_path/Frameworks";
				PRODUCT_BUNDLE_IDENTIFIER = com.lrts.www.LMKeyValueStoreDemoTests;
				PRODUCT_NAME = "$(TARGET_NAME)";
				TARGETED_DEVICE_FAMILY = "1,2";
				TEST_HOST = "$(BUILT_PRODUCTS_DIR)/LMKeyValueStoreDemo.app/LMKeyValueStoreDemo";
			};
			name = Release;
		};
		AE94BA9520591DBC007DBEB2 /* Debug */ = {
			isa = XCBuildConfiguration;
			buildSettings = {
				ALWAYS_SEARCH_USER_PATHS = NO;
				CLANG_ANALYZER_NONNULL = YES;
				CLANG_ANALYZER_NUMBER_OBJECT_CONVERSION = YES_AGGRESSIVE;
				CLANG_CXX_LANGUAGE_STANDARD = "gnu++14";
				CLANG_CXX_LIBRARY = "libc++";
				CLANG_ENABLE_MODULES = YES;
				CLANG_ENABLE_OBJC_ARC = YES;
				CLANG_WARN_BLOCK_CAPTURE_AUTORELEASING = YES;
				CLANG_WARN_BOOL_CONVERSION = YES;
				CLANG_WARN_COMMA = YES;
				CLANG_WARN_CONSTANT_CONVERSION = YES;
				CLANG_WARN_DIRECT_OBJC_ISA_USAGE = YES_ERROR;
				CLANG_WARN_DOCUMENTATION_COMMENTS = YES;
				CLANG_WARN_EMPTY_BODY = YES;
				CLANG_WARN_ENUM_CONVERSION = YES;
				CLANG_WARN_INFINITE_RECURSION = YES;
				CLANG_WARN_INT_CONVERSION = YES;
				CLANG_WARN_NON_LITERAL_NULL_CONVERSION = YES;
				CLANG_WARN_OBJC_LITERAL_CONVERSION = YES;
				CLANG_WARN_OBJC_ROOT_CLASS = YES_ERROR;
				CLANG_WARN_RANGE_LOOP_ANALYSIS = YES;
				CLANG_WARN_STRICT_PROTOTYPES = YES;
				CLANG_WARN_SUSPICIOUS_MOVE = YES;
				CLANG_WARN_UNGUARDED_AVAILABILITY = YES_AGGRESSIVE;
				CLANG_WARN_UNREACHABLE_CODE = YES;
				CLANG_WARN__DUPLICATE_METHOD_MATCH = YES;
				CODE_SIGN_IDENTITY = "iPhone Developer";
				COPY_PHASE_STRIP = NO;
				DEBUG_INFORMATION_FORMAT = dwarf;
				ENABLE_STRICT_OBJC_MSGSEND = YES;
				ENABLE_TESTABILITY = YES;
				GCC_C_LANGUAGE_STANDARD = gnu11;
				GCC_DYNAMIC_NO_PIC = NO;
				GCC_NO_COMMON_BLOCKS = YES;
				GCC_OPTIMIZATION_LEVEL = 0;
				GCC_PREPROCESSOR_DEFINITIONS = (
					"DEBUG=1",
					"$(inherited)",
				);
				GCC_WARN_64_TO_32_BIT_CONVERSION = YES;
				GCC_WARN_ABOUT_RETURN_TYPE = YES_ERROR;
				GCC_WARN_UNDECLARED_SELECTOR = YES;
				GCC_WARN_UNINITIALIZED_AUTOS = YES_AGGRESSIVE;
				GCC_WARN_UNUSED_FUNCTION = YES;
				GCC_WARN_UNUSED_VARIABLE = YES;
				IPHONEOS_DEPLOYMENT_TARGET = 11.2;
				MTL_ENABLE_DEBUG_INFO = YES;
				ONLY_ACTIVE_ARCH = YES;
				SDKROOT = iphoneos;
			};
			name = Debug;
		};
		AE94BA9620591DBC007DBEB2 /* Release */ = {
			isa = XCBuildConfiguration;
			buildSettings = {
				ALWAYS_SEARCH_USER_PATHS = NO;
				CLANG_ANALYZER_NONNULL = YES;
				CLANG_ANALYZER_NUMBER_OBJECT_CONVERSION = YES_AGGRESSIVE;
				CLANG_CXX_LANGUAGE_STANDARD = "gnu++14";
				CLANG_CXX_LIBRARY = "libc++";
				CLANG_ENABLE_MODULES = YES;
				CLANG_ENABLE_OBJC_ARC = YES;
				CLANG_WARN_BLOCK_CAPTURE_AUTORELEASING = YES;
				CLANG_WARN_BOOL_CONVERSION = YES;
				CLANG_WARN_COMMA = YES;
				CLANG_WARN_CONSTANT_CONVERSION = YES;
				CLANG_WARN_DIRECT_OBJC_ISA_USAGE = YES_ERROR;
				CLANG_WARN_DOCUMENTATION_COMMENTS = YES;
				CLANG_WARN_EMPTY_BODY = YES;
				CLANG_WARN_ENUM_CONVERSION = YES;
				CLANG_WARN_INFINITE_RECURSION = YES;
				CLANG_WARN_INT_CONVERSION = YES;
				CLANG_WARN_NON_LITERAL_NULL_CONVERSION = YES;
				CLANG_WARN_OBJC_LITERAL_CONVERSION = YES;
				CLANG_WARN_OBJC_ROOT_CLASS = YES_ERROR;
				CLANG_WARN_RANGE_LOOP_ANALYSIS = YES;
				CLANG_WARN_STRICT_PROTOTYPES = YES;
				CLANG_WARN_SUSPICIOUS_MOVE = YES;
				CLANG_WARN_UNGUARDED_AVAILABILITY = YES_AGGRESSIVE;
				CLANG_WARN_UNREACHABLE_CODE = YES;
				CLANG_WARN__DUPLICATE_METHOD_MATCH = YES;
				CODE_SIGN_IDENTITY = "iPhone Developer";
				COPY_PHASE_STRIP = NO;
				DEBUG_INFORMATION_FORMAT = "dwarf-with-dsym";
				ENABLE_NS_ASSERTIONS = NO;
				ENABLE_STRICT_OBJC_MSGSEND = YES;
				GCC_C_LANGUAGE_STANDARD = gnu11;
				GCC_NO_COMMON_BLOCKS = YES;
				GCC_WARN_64_TO_32_BIT_CONVERSION = YES;
				GCC_WARN_ABOUT_RETURN_TYPE = YES_ERROR;
				GCC_WARN_UNDECLARED_SELECTOR = YES;
				GCC_WARN_UNINITIALIZED_AUTOS = YES_AGGRESSIVE;
				GCC_WARN_UNUSED_FUNCTION = YES;
				GCC_WARN_UNUSED_VARIABLE = YES;
				IPHONEOS_DEPLOYMENT_TARGET = 11.2;
				MTL_ENABLE_DEBUG_INFO = NO;
				SDKROOT = iphoneos;
				VALIDATE_PRODUCT = YES;
			};
			name = Release;
		};
		AE94BA9820591DBC007DBEB2 /* Debug */ = {
			isa = XCBuildConfiguration;
			baseConfigurationReference = 2CE7D6252AD6F7ADF7C1D8B6 /* Pods-LMKeyValueStoreDemo.debug.xcconfig */;
			buildSettings = {
				ASSETCATALOG_COMPILER_APPICON_NAME = AppIcon;
				CODE_SIGN_STYLE = Automatic;
				INFOPLIST_FILE = LMKeyValueStoreDemo/Info.plist;
				LD_RUNPATH_SEARCH_PATHS = "$(inherited) @executable_path/Frameworks";
				PRODUCT_BUNDLE_IDENTIFIER = com.lrts.www.LMKeyValueStoreDemo;
				PRODUCT_NAME = "$(TARGET_NAME)";
				TARGETED_DEVICE_FAMILY = "1,2";
			};
			name = Debug;
		};
		AE94BA9920591DBC007DBEB2 /* Release */ = {
			isa = XCBuildConfiguration;
			baseConfigurationReference = 25F094AB14219297FC491EBB /* Pods-LMKeyValueStoreDemo.release.xcconfig */;
			buildSettings = {
				ASSETCATALOG_COMPILER_APPICON_NAME = AppIcon;
				CODE_SIGN_STYLE = Automatic;
				INFOPLIST_FILE = LMKeyValueStoreDemo/Info.plist;
				LD_RUNPATH_SEARCH_PATHS = "$(inherited) @executable_path/Frameworks";
				PRODUCT_BUNDLE_IDENTIFIER = com.lrts.www.LMKeyValueStoreDemo;
				PRODUCT_NAME = "$(TARGET_NAME)";
				TARGETED_DEVICE_FAMILY = "1,2";
			};
			name = Release;
		};
/* End XCBuildConfiguration section */

/* Begin XCConfigurationList section */
		AE6B43A2205A588B0036C9AB /* Build configuration list for PBXNativeTarget "LMKeyValueStoreDemoUITests" */ = {
			isa = XCConfigurationList;
			buildConfigurations = (
				AE6B43A0205A588B0036C9AB /* Debug */,
				AE6B43A1205A588B0036C9AB /* Release */,
			);
			defaultConfigurationIsVisible = 0;
			defaultConfigurationName = Release;
		};
		AE6B43C8205AB6C30036C9AB /* Build configuration list for PBXNativeTarget "LMKeyValueStoreDemoTests" */ = {
			isa = XCConfigurationList;
			buildConfigurations = (
				AE6B43C6205AB6C30036C9AB /* Debug */,
				AE6B43C7205AB6C30036C9AB /* Release */,
			);
			defaultConfigurationIsVisible = 0;
			defaultConfigurationName = Release;
		};
		AE94BA7C20591DBC007DBEB2 /* Build configuration list for PBXProject "LMKeyValueStoreDemo" */ = {
			isa = XCConfigurationList;
			buildConfigurations = (
				AE94BA9520591DBC007DBEB2 /* Debug */,
				AE94BA9620591DBC007DBEB2 /* Release */,
			);
			defaultConfigurationIsVisible = 0;
			defaultConfigurationName = Release;
		};
		AE94BA9720591DBC007DBEB2 /* Build configuration list for PBXNativeTarget "LMKeyValueStoreDemo" */ = {
			isa = XCConfigurationList;
			buildConfigurations = (
				AE94BA9820591DBC007DBEB2 /* Debug */,
				AE94BA9920591DBC007DBEB2 /* Release */,
			);
			defaultConfigurationIsVisible = 0;
			defaultConfigurationName = Release;
		};
/* End XCConfigurationList section */
	};
	rootObject = AE94BA7920591DBC007DBEB2 /* Project object */;
}
